// !$*UTF8*$!
{
	archiveVersion = 1;
	classes = {
	};
	objectVersion = 55;
	objects = {

/* Begin PBXBuildFile section */
		92842D8227D5CAD90084A2A8 /* AppDelegate.m in Sources */ = {isa = PBXBuildFile; fileRef = 92842D8127D5CAD90084A2A8 /* AppDelegate.m */; };
		92842D8527D5CAD90084A2A8 /* SceneDelegate.m in Sources */ = {isa = PBXBuildFile; fileRef = 92842D8427D5CAD90084A2A8 /* SceneDelegate.m */; };
		92842D8827D5CAD90084A2A8 /* ViewController.m in Sources */ = {isa = PBXBuildFile; fileRef = 92842D8727D5CAD90084A2A8 /* ViewController.m */; };
		92842D8B27D5CAD90084A2A8 /* Main.storyboard in Resources */ = {isa = PBXBuildFile; fileRef = 92842D8927D5CAD90084A2A8 /* Main.storyboard */; };
		92842D8D27D5CADB0084A2A8 /* Assets.xcassets in Resources */ = {isa = PBXBuildFile; fileRef = 92842D8C27D5CADB0084A2A8 /* Assets.xcassets */; };
		92842D9027D5CADB0084A2A8 /* LaunchScreen.storyboard in Resources */ = {isa = PBXBuildFile; fileRef = 92842D8E27D5CADB0084A2A8 /* LaunchScreen.storyboard */; };
		92842D9327D5CADB0084A2A8 /* main.m in Sources */ = {isa = PBXBuildFile; fileRef = 92842D9227D5CADB0084A2A8 /* main.m */; };
		92842D9D27D5CADB0084A2A8 /* AssignmentObjectiveCTests.m in Sources */ = {isa = PBXBuildFile; fileRef = 92842D9C27D5CADB0084A2A8 /* AssignmentObjectiveCTests.m */; };
		92842DA727D5CADB0084A2A8 /* AssignmentObjectiveCUITests.m in Sources */ = {isa = PBXBuildFile; fileRef = 92842DA627D5CADB0084A2A8 /* AssignmentObjectiveCUITests.m */; };
		92842DA927D5CADB0084A2A8 /* AssignmentObjectiveCUITestsLaunchTests.m in Sources */ = {isa = PBXBuildFile; fileRef = 92842DA827D5CADB0084A2A8 /* AssignmentObjectiveCUITestsLaunchTests.m */; };
		92842DB927D5FD090084A2A8 /* LoginViewController.m in Sources */ = {isa = PBXBuildFile; fileRef = 92842DB827D5FD090084A2A8 /* LoginViewController.m */; };
		92842DBD27D601350084A2A8 /* LoginViewModel.m in Sources */ = {isa = PBXBuildFile; fileRef = 92842DBC27D601350084A2A8 /* LoginViewModel.m */; };
		92842DC327D61D8A0084A2A8 /* Alert.m in Sources */ = {isa = PBXBuildFile; fileRef = 92842DC227D61D8A0084A2A8 /* Alert.m */; };
/* End PBXBuildFile section */

/* Begin PBXContainerItemProxy section */
		92842D9927D5CADB0084A2A8 /* PBXContainerItemProxy */ = {
			isa = PBXContainerItemProxy;
			containerPortal = 92842D7527D5CAD90084A2A8 /* Project object */;
			proxyType = 1;
			remoteGlobalIDString = 92842D7C27D5CAD90084A2A8;
			remoteInfo = AssignmentObjectiveC;
		};
		92842DA327D5CADB0084A2A8 /* PBXContainerItemProxy */ = {
			isa = PBXContainerItemProxy;
			containerPortal = 92842D7527D5CAD90084A2A8 /* Project object */;
			proxyType = 1;
			remoteGlobalIDString = 92842D7C27D5CAD90084A2A8;
			remoteInfo = AssignmentObjectiveC;
		};
/* End PBXContainerItemProxy section */

/* Begin PBXFileReference section */
		92842D7D27D5CAD90084A2A8 /* AssignmentObjectiveC.app */ = {isa = PBXFileReference; explicitFileType = wrapper.application; includeInIndex = 0; path = AssignmentObjectiveC.app; sourceTree = BUILT_PRODUCTS_DIR; };
		92842D8027D5CAD90084A2A8 /* AppDelegate.h */ = {isa = PBXFileReference; lastKnownFileType = sourcecode.c.h; path = AppDelegate.h; sourceTree = "<group>"; };
		92842D8127D5CAD90084A2A8 /* AppDelegate.m */ = {isa = PBXFileReference; lastKnownFileType = sourcecode.c.objc; path = AppDelegate.m; sourceTree = "<group>"; };
		92842D8327D5CAD90084A2A8 /* SceneDelegate.h */ = {isa = PBXFileReference; lastKnownFileType = sourcecode.c.h; path = SceneDelegate.h; sourceTree = "<group>"; };
		92842D8427D5CAD90084A2A8 /* SceneDelegate.m */ = {isa = PBXFileReference; lastKnownFileType = sourcecode.c.objc; path = SceneDelegate.m; sourceTree = "<group>"; };
		92842D8627D5CAD90084A2A8 /* ViewController.h */ = {isa = PBXFileReference; lastKnownFileType = sourcecode.c.h; path = ViewController.h; sourceTree = "<group>"; };
		92842D8727D5CAD90084A2A8 /* ViewController.m */ = {isa = PBXFileReference; lastKnownFileType = sourcecode.c.objc; path = ViewController.m; sourceTree = "<group>"; };
		92842D8A27D5CAD90084A2A8 /* Base */ = {isa = PBXFileReference; lastKnownFileType = file.storyboard; name = Base; path = Base.lproj/Main.storyboard; sourceTree = "<group>"; };
		92842D8C27D5CADB0084A2A8 /* Assets.xcassets */ = {isa = PBXFileReference; lastKnownFileType = folder.assetcatalog; path = Assets.xcassets; sourceTree = "<group>"; };
		92842D8F27D5CADB0084A2A8 /* Base */ = {isa = PBXFileReference; lastKnownFileType = file.storyboard; name = Base; path = Base.lproj/LaunchScreen.storyboard; sourceTree = "<group>"; };
		92842D9127D5CADB0084A2A8 /* Info.plist */ = {isa = PBXFileReference; lastKnownFileType = text.plist.xml; path = Info.plist; sourceTree = "<group>"; };
		92842D9227D5CADB0084A2A8 /* main.m */ = {isa = PBXFileReference; lastKnownFileType = sourcecode.c.objc; path = main.m; sourceTree = "<group>"; };
		92842D9827D5CADB0084A2A8 /* AssignmentObjectiveCTests.xctest */ = {isa = PBXFileReference; explicitFileType = wrapper.cfbundle; includeInIndex = 0; path = AssignmentObjectiveCTests.xctest; sourceTree = BUILT_PRODUCTS_DIR; };
		92842D9C27D5CADB0084A2A8 /* AssignmentObjectiveCTests.m */ = {isa = PBXFileReference; lastKnownFileType = sourcecode.c.objc; path = AssignmentObjectiveCTests.m; sourceTree = "<group>"; };
		92842DA227D5CADB0084A2A8 /* AssignmentObjectiveCUITests.xctest */ = {isa = PBXFileReference; explicitFileType = wrapper.cfbundle; includeInIndex = 0; path = AssignmentObjectiveCUITests.xctest; sourceTree = BUILT_PRODUCTS_DIR; };
		92842DA627D5CADB0084A2A8 /* AssignmentObjectiveCUITests.m */ = {isa = PBXFileReference; lastKnownFileType = sourcecode.c.objc; path = AssignmentObjectiveCUITests.m; sourceTree = "<group>"; };
		92842DA827D5CADB0084A2A8 /* AssignmentObjectiveCUITestsLaunchTests.m */ = {isa = PBXFileReference; lastKnownFileType = sourcecode.c.objc; path = AssignmentObjectiveCUITestsLaunchTests.m; sourceTree = "<group>"; };
		92842DB727D5FD090084A2A8 /* LoginViewController.h */ = {isa = PBXFileReference; lastKnownFileType = sourcecode.c.h; path = LoginViewController.h; sourceTree = "<group>"; };
		92842DB827D5FD090084A2A8 /* LoginViewController.m */ = {isa = PBXFileReference; lastKnownFileType = sourcecode.c.objc; path = LoginViewController.m; sourceTree = "<group>"; };
		92842DBB27D601350084A2A8 /* LoginViewModel.h */ = {isa = PBXFileReference; lastKnownFileType = sourcecode.c.h; path = LoginViewModel.h; sourceTree = "<group>"; };
		92842DBC27D601350084A2A8 /* LoginViewModel.m */ = {isa = PBXFileReference; lastKnownFileType = sourcecode.c.objc; path = LoginViewModel.m; sourceTree = "<group>"; };
		92842DC127D61D8A0084A2A8 /* Alert.h */ = {isa = PBXFileReference; lastKnownFileType = sourcecode.c.h; path = Alert.h; sourceTree = "<group>"; };
		92842DC227D61D8A0084A2A8 /* Alert.m */ = {isa = PBXFileReference; lastKnownFileType = sourcecode.c.objc; path = Alert.m; sourceTree = "<group>"; };
/* End PBXFileReference section */

/* Begin PBXFrameworksBuildPhase section */
		92842D7A27D5CAD90084A2A8 /* Frameworks */ = {
			isa = PBXFrameworksBuildPhase;
			buildActionMask = 2147483647;
			files = (
			);
			runOnlyForDeploymentPostprocessing = 0;
		};
		92842D9527D5CADB0084A2A8 /* Frameworks */ = {
			isa = PBXFrameworksBuildPhase;
			buildActionMask = 2147483647;
			files = (
			);
			runOnlyForDeploymentPostprocessing = 0;
		};
		92842D9F27D5CADB0084A2A8 /* Frameworks */ = {
			isa = PBXFrameworksBuildPhase;
			buildActionMask = 2147483647;
			files = (
			);
			runOnlyForDeploymentPostprocessing = 0;
		};
/* End PBXFrameworksBuildPhase section */

/* Begin PBXGroup section */
		92842D7427D5CAD90084A2A8 = {
			isa = PBXGroup;
			children = (
				92842D7F27D5CAD90084A2A8 /* AssignmentObjectiveC */,
				92842D9B27D5CADB0084A2A8 /* AssignmentObjectiveCTests */,
				92842DA527D5CADB0084A2A8 /* AssignmentObjectiveCUITests */,
				92842D7E27D5CAD90084A2A8 /* Products */,
			);
			sourceTree = "<group>";
		};
		92842D7E27D5CAD90084A2A8 /* Products */ = {
			isa = PBXGroup;
			children = (
				92842D7D27D5CAD90084A2A8 /* AssignmentObjectiveC.app */,
				92842D9827D5CADB0084A2A8 /* AssignmentObjectiveCTests.xctest */,
				92842DA227D5CADB0084A2A8 /* AssignmentObjectiveCUITests.xctest */,
			);
			name = Products;
			sourceTree = "<group>";
		};
		92842D7F27D5CAD90084A2A8 /* AssignmentObjectiveC */ = {
			isa = PBXGroup;
			children = (
				92842D8027D5CAD90084A2A8 /* AppDelegate.h */,
				92842D8127D5CAD90084A2A8 /* AppDelegate.m */,
				92842D8327D5CAD90084A2A8 /* SceneDelegate.h */,
				92842D8427D5CAD90084A2A8 /* SceneDelegate.m */,
				92842D8627D5CAD90084A2A8 /* ViewController.h */,
				92842D8727D5CAD90084A2A8 /* ViewController.m */,
				92842DBF27D61D600084A2A8 /* Utility */,
				92842DBA27D600950084A2A8 /* ViewModels */,
				92842DB527D5FC9F0084A2A8 /* Controllers */,
				92842D8927D5CAD90084A2A8 /* Main.storyboard */,
				92842D8C27D5CADB0084A2A8 /* Assets.xcassets */,
				92842D8E27D5CADB0084A2A8 /* LaunchScreen.storyboard */,
				92842D9127D5CADB0084A2A8 /* Info.plist */,
				92842D9227D5CADB0084A2A8 /* main.m */,
			);
			path = AssignmentObjectiveC;
			sourceTree = "<group>";
		};
		92842D9B27D5CADB0084A2A8 /* AssignmentObjectiveCTests */ = {
			isa = PBXGroup;
			children = (
				92842D9C27D5CADB0084A2A8 /* AssignmentObjectiveCTests.m */,
			);
			path = AssignmentObjectiveCTests;
			sourceTree = "<group>";
		};
		92842DA527D5CADB0084A2A8 /* AssignmentObjectiveCUITests */ = {
			isa = PBXGroup;
			children = (
				92842DA627D5CADB0084A2A8 /* AssignmentObjectiveCUITests.m */,
				92842DA827D5CADB0084A2A8 /* AssignmentObjectiveCUITestsLaunchTests.m */,
			);
			path = AssignmentObjectiveCUITests;
			sourceTree = "<group>";
		};
		92842DB527D5FC9F0084A2A8 /* Controllers */ = {
			isa = PBXGroup;
			children = (
				92842DB627D5FCD10084A2A8 /* Login */,
			);
			path = Controllers;
			sourceTree = "<group>";
		};
		92842DB627D5FCD10084A2A8 /* Login */ = {
			isa = PBXGroup;
			children = (
				92842DB727D5FD090084A2A8 /* LoginViewController.h */,
				92842DB827D5FD090084A2A8 /* LoginViewController.m */,
			);
			path = Login;
			sourceTree = "<group>";
		};
		92842DBA27D600950084A2A8 /* ViewModels */ = {
			isa = PBXGroup;
			children = (
				92842DBE27D602690084A2A8 /* Login */,
			);
			path = ViewModels;
			sourceTree = "<group>";
		};
		92842DBE27D602690084A2A8 /* Login */ = {
			isa = PBXGroup;
			children = (
				92842DBB27D601350084A2A8 /* LoginViewModel.h */,
				92842DBC27D601350084A2A8 /* LoginViewModel.m */,
			);
			path = Login;
			sourceTree = "<group>";
		};
		92842DBF27D61D600084A2A8 /* Utility */ = {
			isa = PBXGroup;
			children = (
				92842DC027D61D720084A2A8 /* Alert */,
			);
			path = Utility;
			sourceTree = "<group>";
		};
		92842DC027D61D720084A2A8 /* Alert */ = {
			isa = PBXGroup;
			children = (
				92842DC127D61D8A0084A2A8 /* Alert.h */,
				92842DC227D61D8A0084A2A8 /* Alert.m */,
			);
			path = Alert;
			sourceTree = "<group>";
		};
/* End PBXGroup section */

/* Begin PBXNativeTarget section */
		92842D7C27D5CAD90084A2A8 /* AssignmentObjectiveC */ = {
			isa = PBXNativeTarget;
			buildConfigurationList = 92842DAC27D5CADB0084A2A8 /* Build configuration list for PBXNativeTarget "AssignmentObjectiveC" */;
			buildPhases = (
				92842D7927D5CAD90084A2A8 /* Sources */,
				92842D7A27D5CAD90084A2A8 /* Frameworks */,
				92842D7B27D5CAD90084A2A8 /* Resources */,
			);
			buildRules = (
			);
			dependencies = (
			);
			name = AssignmentObjectiveC;
			productName = AssignmentObjectiveC;
			productReference = 92842D7D27D5CAD90084A2A8 /* AssignmentObjectiveC.app */;
			productType = "com.apple.product-type.application";
		};
		92842D9727D5CADB0084A2A8 /* AssignmentObjectiveCTests */ = {
			isa = PBXNativeTarget;
			buildConfigurationList = 92842DAF27D5CADB0084A2A8 /* Build configuration list for PBXNativeTarget "AssignmentObjectiveCTests" */;
			buildPhases = (
				92842D9427D5CADB0084A2A8 /* Sources */,
				92842D9527D5CADB0084A2A8 /* Frameworks */,
				92842D9627D5CADB0084A2A8 /* Resources */,
			);
			buildRules = (
			);
			dependencies = (
				92842D9A27D5CADB0084A2A8 /* PBXTargetDependency */,
			);
			name = AssignmentObjectiveCTests;
			productName = AssignmentObjectiveCTests;
			productReference = 92842D9827D5CADB0084A2A8 /* AssignmentObjectiveCTests.xctest */;
			productType = "com.apple.product-type.bundle.unit-test";
		};
		92842DA127D5CADB0084A2A8 /* AssignmentObjectiveCUITests */ = {
			isa = PBXNativeTarget;
			buildConfigurationList = 92842DB227D5CADB0084A2A8 /* Build configuration list for PBXNativeTarget "AssignmentObjectiveCUITests" */;
			buildPhases = (
				92842D9E27D5CADB0084A2A8 /* Sources */,
				92842D9F27D5CADB0084A2A8 /* Frameworks */,
				92842DA027D5CADB0084A2A8 /* Resources */,
			);
			buildRules = (
			);
			dependencies = (
				92842DA427D5CADB0084A2A8 /* PBXTargetDependency */,
			);
			name = AssignmentObjectiveCUITests;
			productName = AssignmentObjectiveCUITests;
			productReference = 92842DA227D5CADB0084A2A8 /* AssignmentObjectiveCUITests.xctest */;
			productType = "com.apple.product-type.bundle.ui-testing";
		};
/* End PBXNativeTarget section */

/* Begin PBXProject section */
		92842D7527D5CAD90084A2A8 /* Project object */ = {
			isa = PBXProject;
			attributes = {
				BuildIndependentTargetsInParallel = 1;
				LastUpgradeCheck = 1320;
				TargetAttributes = {
					92842D7C27D5CAD90084A2A8 = {
						CreatedOnToolsVersion = 13.2.1;
					};
					92842D9727D5CADB0084A2A8 = {
						CreatedOnToolsVersion = 13.2.1;
						TestTargetID = 92842D7C27D5CAD90084A2A8;
					};
					92842DA127D5CADB0084A2A8 = {
						CreatedOnToolsVersion = 13.2.1;
						TestTargetID = 92842D7C27D5CAD90084A2A8;
					};
				};
			};
			buildConfigurationList = 92842D7827D5CAD90084A2A8 /* Build configuration list for PBXProject "AssignmentObjectiveC" */;
			compatibilityVersion = "Xcode 13.0";
			developmentRegion = en;
			hasScannedForEncodings = 0;
			knownRegions = (
				en,
				Base,
			);
			mainGroup = 92842D7427D5CAD90084A2A8;
			productRefGroup = 92842D7E27D5CAD90084A2A8 /* Products */;
			projectDirPath = "";
			projectRoot = "";
			targets = (
				92842D7C27D5CAD90084A2A8 /* AssignmentObjectiveC */,
				92842D9727D5CADB0084A2A8 /* AssignmentObjectiveCTests */,
				92842DA127D5CADB0084A2A8 /* AssignmentObjectiveCUITests */,
			);
		};
/* End PBXProject section */

/* Begin PBXResourcesBuildPhase section */
		92842D7B27D5CAD90084A2A8 /* Resources */ = {
			isa = PBXResourcesBuildPhase;
			buildActionMask = 2147483647;
			files = (
				92842D9027D5CADB0084A2A8 /* LaunchScreen.storyboard in Resources */,
				92842D8D27D5CADB0084A2A8 /* Assets.xcassets in Resources */,
				92842D8B27D5CAD90084A2A8 /* Main.storyboard in Resources */,
			);
			runOnlyForDeploymentPostprocessing = 0;
		};
		92842D9627D5CADB0084A2A8 /* Resources */ = {
			isa = PBXResourcesBuildPhase;
			buildActionMask = 2147483647;
			files = (
			);
			runOnlyForDeploymentPostprocessing = 0;
		};
		92842DA027D5CADB0084A2A8 /* Resources */ = {
			isa = PBXResourcesBuildPhase;
			buildActionMask = 2147483647;
			files = (
			);
			runOnlyForDeploymentPostprocessing = 0;
		};
/* End PBXResourcesBuildPhase section */

/* Begin PBXSourcesBuildPhase section */
		92842D7927D5CAD90084A2A8 /* Sources */ = {
			isa = PBXSourcesBuildPhase;
			buildActionMask = 2147483647;
			files = (
				92842D8827D5CAD90084A2A8 /* ViewController.m in Sources */,
				92842D8227D5CAD90084A2A8 /* AppDelegate.m in Sources */,
				92842D9327D5CADB0084A2A8 /* main.m in Sources */,
				92842D8527D5CAD90084A2A8 /* SceneDelegate.m in Sources */,
				92842DC327D61D8A0084A2A8 /* Alert.m in Sources */,
				92842DBD27D601350084A2A8 /* LoginViewModel.m in Sources */,
				92842DB927D5FD090084A2A8 /* LoginViewController.m in Sources */,
			);
			runOnlyForDeploymentPostprocessing = 0;
		};
		92842D9427D5CADB0084A2A8 /* Sources */ = {
			isa = PBXSourcesBuildPhase;
			buildActionMask = 2147483647;
			files = (
				92842D9D27D5CADB0084A2A8 /* AssignmentObjectiveCTests.m in Sources */,
			);
			runOnlyForDeploymentPostprocessing = 0;
		};
		92842D9E27D5CADB0084A2A8 /* Sources */ = {
			isa = PBXSourcesBuildPhase;
			buildActionMask = 2147483647;
			files = (
				92842DA727D5CADB0084A2A8 /* AssignmentObjectiveCUITests.m in Sources */,
				92842DA927D5CADB0084A2A8 /* AssignmentObjectiveCUITestsLaunchTests.m in Sources */,
			);
			runOnlyForDeploymentPostprocessing = 0;
		};
/* End PBXSourcesBuildPhase section */

/* Begin PBXTargetDependency section */
		92842D9A27D5CADB0084A2A8 /* PBXTargetDependency */ = {
			isa = PBXTargetDependency;
			target = 92842D7C27D5CAD90084A2A8 /* AssignmentObjectiveC */;
			targetProxy = 92842D9927D5CADB0084A2A8 /* PBXContainerItemProxy */;
		};
		92842DA427D5CADB0084A2A8 /* PBXTargetDependency */ = {
			isa = PBXTargetDependency;
			target = 92842D7C27D5CAD90084A2A8 /* AssignmentObjectiveC */;
			targetProxy = 92842DA327D5CADB0084A2A8 /* PBXContainerItemProxy */;
		};
/* End PBXTargetDependency section */

/* Begin PBXVariantGroup section */
		92842D8927D5CAD90084A2A8 /* Main.storyboard */ = {
			isa = PBXVariantGroup;
			children = (
				92842D8A27D5CAD90084A2A8 /* Base */,
			);
			name = Main.storyboard;
			sourceTree = "<group>";
		};
		92842D8E27D5CADB0084A2A8 /* LaunchScreen.storyboard */ = {
			isa = PBXVariantGroup;
			children = (
				92842D8F27D5CADB0084A2A8 /* Base */,
			);
			name = LaunchScreen.storyboard;
			sourceTree = "<group>";
		};
/* End PBXVariantGroup section */

/* Begin XCBuildConfiguration section */
		92842DAA27D5CADB0084A2A8 /* Debug */ = {
			isa = XCBuildConfiguration;
			buildSettings = {
				ALWAYS_SEARCH_USER_PATHS = NO;
				CLANG_ANALYZER_NONNULL = YES;
				CLANG_ANALYZER_NUMBER_OBJECT_CONVERSION = YES_AGGRESSIVE;
				CLANG_CXX_LANGUAGE_STANDARD = "gnu++17";
				CLANG_CXX_LIBRARY = "libc++";
				CLANG_ENABLE_MODULES = YES;
				CLANG_ENABLE_OBJC_ARC = YES;
				CLANG_ENABLE_OBJC_WEAK = YES;
				CLANG_WARN_BLOCK_CAPTURE_AUTORELEASING = YES;
				CLANG_WARN_BOOL_CONVERSION = YES;
				CLANG_WARN_COMMA = YES;
				CLANG_WARN_CONSTANT_CONVERSION = YES;
				CLANG_WARN_DEPRECATED_OBJC_IMPLEMENTATIONS = YES;
				CLANG_WARN_DIRECT_OBJC_ISA_USAGE = YES_ERROR;
				CLANG_WARN_DOCUMENTATION_COMMENTS = YES;
				CLANG_WARN_EMPTY_BODY = YES;
				CLANG_WARN_ENUM_CONVERSION = YES;
				CLANG_WARN_INFINITE_RECURSION = YES;
				CLANG_WARN_INT_CONVERSION = YES;
				CLANG_WARN_NON_LITERAL_NULL_CONVERSION = YES;
				CLANG_WARN_OBJC_IMPLICIT_RETAIN_SELF = YES;
				CLANG_WARN_OBJC_LITERAL_CONVERSION = YES;
				CLANG_WARN_OBJC_ROOT_CLASS = YES_ERROR;
				CLANG_WARN_QUOTED_INCLUDE_IN_FRAMEWORK_HEADER = YES;
				CLANG_WARN_RANGE_LOOP_ANALYSIS = YES;
				CLANG_WARN_STRICT_PROTOTYPES = YES;
				CLANG_WARN_SUSPICIOUS_MOVE = YES;
				CLANG_WARN_UNGUARDED_AVAILABILITY = YES_AGGRESSIVE;
				CLANG_WARN_UNREACHABLE_CODE = YES;
				CLANG_WARN__DUPLICATE_METHOD_MATCH = YES;
				COPY_PHASE_STRIP = NO;
				DEBUG_INFORMATION_FORMAT = dwarf;
				ENABLE_STRICT_OBJC_MSGSEND = YES;
				ENABLE_TESTABILITY = YES;
				GCC_C_LANGUAGE_STANDARD = gnu11;
				GCC_DYNAMIC_NO_PIC = NO;
				GCC_NO_COMMON_BLOCKS = YES;
				GCC_OPTIMIZATION_LEVEL = 0;
				GCC_PREPROCESSOR_DEFINITIONS = (
					"DEBUG=1",
					"$(inherited)",
				);
				GCC_WARN_64_TO_32_BIT_CONVERSION = YES;
				GCC_WARN_ABOUT_RETURN_TYPE = YES_ERROR;
				GCC_WARN_UNDECLARED_SELECTOR = YES;
				GCC_WARN_UNINITIALIZED_AUTOS = YES_AGGRESSIVE;
				GCC_WARN_UNUSED_FUNCTION = YES;
				GCC_WARN_UNUSED_VARIABLE = YES;
				IPHONEOS_DEPLOYMENT_TARGET = 15.2;
				MTL_ENABLE_DEBUG_INFO = INCLUDE_SOURCE;
				MTL_FAST_MATH = YES;
				ONLY_ACTIVE_ARCH = YES;
				SDKROOT = iphoneos;
			};
			name = Debug;
		};
		92842DAB27D5CADB0084A2A8 /* Release */ = {
			isa = XCBuildConfiguration;
			buildSettings = {
				ALWAYS_SEARCH_USER_PATHS = NO;
				CLANG_ANALYZER_NONNULL = YES;
				CLANG_ANALYZER_NUMBER_OBJECT_CONVERSION = YES_AGGRESSIVE;
				CLANG_CXX_LANGUAGE_STANDARD = "gnu++17";
				CLANG_CXX_LIBRARY = "libc++";
				CLANG_ENABLE_MODULES = YES;
				CLANG_ENABLE_OBJC_ARC = YES;
				CLANG_ENABLE_OBJC_WEAK = YES;
				CLANG_WARN_BLOCK_CAPTURE_AUTORELEASING = YES;
				CLANG_WARN_BOOL_CONVERSION = YES;
				CLANG_WARN_COMMA = YES;
				CLANG_WARN_CONSTANT_CONVERSION = YES;
				CLANG_WARN_DEPRECATED_OBJC_IMPLEMENTATIONS = YES;
				CLANG_WARN_DIRECT_OBJC_ISA_USAGE = YES_ERROR;
				CLANG_WARN_DOCUMENTATION_COMMENTS = YES;
				CLANG_WARN_EMPTY_BODY = YES;
				CLANG_WARN_ENUM_CONVERSION = YES;
				CLANG_WARN_INFINITE_RECURSION = YES;
				CLANG_WARN_INT_CONVERSION = YES;
				CLANG_WARN_NON_LITERAL_NULL_CONVERSION = YES;
				CLANG_WARN_OBJC_IMPLICIT_RETAIN_SELF = YES;
				CLANG_WARN_OBJC_LITERAL_CONVERSION = YES;
				CLANG_WARN_OBJC_ROOT_CLASS = YES_ERROR;
				CLANG_WARN_QUOTED_INCLUDE_IN_FRAMEWORK_HEADER = YES;
				CLANG_WARN_RANGE_LOOP_ANALYSIS = YES;
				CLANG_WARN_STRICT_PROTOTYPES = YES;
				CLANG_WARN_SUSPICIOUS_MOVE = YES;
				CLANG_WARN_UNGUARDED_AVAILABILITY = YES_AGGRESSIVE;
				CLANG_WARN_UNREACHABLE_CODE = YES;
				CLANG_WARN__DUPLICATE_METHOD_MATCH = YES;
				COPY_PHASE_STRIP = NO;
				DEBUG_INFORMATION_FORMAT = "dwarf-with-dsym";
				ENABLE_NS_ASSERTIONS = NO;
				ENABLE_STRICT_OBJC_MSGSEND = YES;
				GCC_C_LANGUAGE_STANDARD = gnu11;
				GCC_NO_COMMON_BLOCKS = YES;
				GCC_WARN_64_TO_32_BIT_CONVERSION = YES;
				GCC_WARN_ABOUT_RETURN_TYPE = YES_ERROR;
				GCC_WARN_UNDECLARED_SELECTOR = YES;
				GCC_WARN_UNINITIALIZED_AUTOS = YES_AGGRESSIVE;
				GCC_WARN_UNUSED_FUNCTION = YES;
				GCC_WARN_UNUSED_VARIABLE = YES;
				IPHONEOS_DEPLOYMENT_TARGET = 15.2;
				MTL_ENABLE_DEBUG_INFO = NO;
				MTL_FAST_MATH = YES;
				SDKROOT = iphoneos;
				VALIDATE_PRODUCT = YES;
			};
			name = Release;
		};
		92842DAD27D5CADB0084A2A8 /* Debug */ = {
			isa = XCBuildConfiguration;
			buildSettings = {
				ASSETCATALOG_COMPILER_APPICON_NAME = AppIcon;
				ASSETCATALOG_COMPILER_GLOBAL_ACCENT_COLOR_NAME = AccentColor;
				CODE_SIGN_STYLE = Automatic;
				CURRENT_PROJECT_VERSION = 1;
				GENERATE_INFOPLIST_FILE = YES;
				INFOPLIST_FILE = AssignmentObjectiveC/Info.plist;
				INFOPLIST_KEY_UIApplicationSupportsIndirectInputEvents = YES;
				INFOPLIST_KEY_UILaunchStoryboardName = LaunchScreen;
				INFOPLIST_KEY_UIMainStoryboardFile = Main;
				INFOPLIST_KEY_UISupportedInterfaceOrientations = UIInterfaceOrientationPortrait;
				INFOPLIST_KEY_UISupportedInterfaceOrientations_iPad = "UIInterfaceOrientationPortrait UIInterfaceOrientationPortraitUpsideDown UIInterfaceOrientationLandscapeLeft UIInterfaceOrientationLandscapeRight";
				INFOPLIST_KEY_UISupportedInterfaceOrientations_iPhone = "UIInterfaceOrientationPortrait UIInterfaceOrientationLandscapeLeft UIInterfaceOrientationLandscapeRight";
				LD_RUNPATH_SEARCH_PATHS = (
					"$(inherited)",
					"@executable_path/Frameworks",
				);
				MARKETING_VERSION = 1.0;
				PRODUCT_BUNDLE_IDENTIFIER = com.dummy.Assignment.AssignmentObjectiveC;
				PRODUCT_NAME = "$(TARGET_NAME)";
				SWIFT_EMIT_LOC_STRINGS = YES;
				TARGETED_DEVICE_FAMILY = 1;
			};
			name = Debug;
		};
		92842DAE27D5CADB0084A2A8 /* Release */ = {
			isa = XCBuildConfiguration;
			buildSettings = {
				ASSETCATALOG_COMPILER_APPICON_NAME = AppIcon;
				ASSETCATALOG_COMPILER_GLOBAL_ACCENT_COLOR_NAME = AccentColor;
				CODE_SIGN_STYLE = Automatic;
				CURRENT_PROJECT_VERSION = 1;
				GENERATE_INFOPLIST_FILE = YES;
				INFOPLIST_FILE = AssignmentObjectiveC/Info.plist;
				INFOPLIST_KEY_UIApplicationSupportsIndirectInputEvents = YES;
				INFOPLIST_KEY_UILaunchStoryboardName = LaunchScreen;
				INFOPLIST_KEY_UIMainStoryboardFile = Main;
				INFOPLIST_KEY_UISupportedInterfaceOrientations = UIInterfaceOrientationPortrait;
				INFOPLIST_KEY_UISupportedInterfaceOrientations_iPad = "UIInterfaceOrientationPortrait UIInterfaceOrientationPortraitUpsideDown UIInterfaceOrientationLandscapeLeft UIInterfaceOrientationLandscapeRight";
				INFOPLIST_KEY_UISupportedInterfaceOrientations_iPhone = "UIInterfaceOrientationPortrait UIInterfaceOrientationLandscapeLeft UIInterfaceOrientationLandscapeRight";
				LD_RUNPATH_SEARCH_PATHS = (
					"$(inherited)",
					"@executable_path/Frameworks",
				);
				MARKETING_VERSION = 1.0;
				PRODUCT_BUNDLE_IDENTIFIER = com.dummy.Assignment.AssignmentObjectiveC;
				PRODUCT_NAME = "$(TARGET_NAME)";
				SWIFT_EMIT_LOC_STRINGS = YES;
				TARGETED_DEVICE_FAMILY = 1;
			};
			name = Release;
		};
		92842DB027D5CADB0084A2A8 /* Debug */ = {
			isa = XCBuildConfiguration;
			buildSettings = {
				BUNDLE_LOADER = "$(TEST_HOST)";
				CODE_SIGN_STYLE = Automatic;
				CURRENT_PROJECT_VERSION = 1;
				GENERATE_INFOPLIST_FILE = YES;
				IPHONEOS_DEPLOYMENT_TARGET = 15.2;
				MARKETING_VERSION = 1.0;
				PRODUCT_BUNDLE_IDENTIFIER = com.dummy.Assignment.AssignmentObjectiveCTests;
				PRODUCT_NAME = "$(TARGET_NAME)";
				SWIFT_EMIT_LOC_STRINGS = NO;
				TARGETED_DEVICE_FAMILY = "1,2";
				TEST_HOST = "$(BUILT_PRODUCTS_DIR)/AssignmentObjectiveC.app/AssignmentObjectiveC";
			};
			name = Debug;
		};
		92842DB127D5CADB0084A2A8 /* Release */ = {
			isa = XCBuildConfiguration;
			buildSettings = {
				BUNDLE_LOADER = "$(TEST_HOST)";
				CODE_SIGN_STYLE = Automatic;
				CURRENT_PROJECT_VERSION = 1;
				GENERATE_INFOPLIST_FILE = YES;
				IPHONEOS_DEPLOYMENT_TARGET = 15.2;
				MARKETING_VERSION = 1.0;
				PRODUCT_BUNDLE_IDENTIFIER = com.dummy.Assignment.AssignmentObjectiveCTests;
				PRODUCT_NAME = "$(TARGET_NAME)";
				SWIFT_EMIT_LOC_STRINGS = NO;
				TARGETED_DEVICE_FAMILY = "1,2";
				TEST_HOST = "$(BUILT_PRODUCTS_DIR)/AssignmentObjectiveC.app/AssignmentObjectiveC";
			};
			name = Release;
		};
		92842DB327D5CADB0084A2A8 /* Debug */ = {
			isa = XCBuildConfiguration;
			buildSettings = {
				CODE_SIGN_STYLE = Automatic;
				CURRENT_PROJECT_VERSION = 1;
				GENERATE_INFOPLIST_FILE = YES;
				MARKETING_VERSION = 1.0;
				PRODUCT_BUNDLE_IDENTIFIER = com.dummy.Assignment.AssignmentObjectiveCUITests;
				PRODUCT_NAME = "$(TARGET_NAME)";
				SWIFT_EMIT_LOC_STRINGS = NO;
				TARGETED_DEVICE_FAMILY = "1,2";
				TEST_TARGET_NAME = AssignmentObjectiveC;
			};
			name = Debug;
		};
		92842DB427D5CADB0084A2A8 /* Release */ = {
			isa = XCBuildConfiguration;
			buildSettings = {
				CODE_SIGN_STYLE = Automatic;
				CURRENT_PROJECT_VERSION = 1;
				GENERATE_INFOPLIST_FILE = YES;
				MARKETING_VERSION = 1.0;
				PRODUCT_BUNDLE_IDENTIFIER = com.dummy.Assignment.AssignmentObjectiveCUITests;
				PRODUCT_NAME = "$(TARGET_NAME)";
				SWIFT_EMIT_LOC_STRINGS = NO;
				TARGETED_DEVICE_FAMILY = "1,2";
				TEST_TARGET_NAME = AssignmentObjectiveC;
			};
			name = Release;
		};
/* End XCBuildConfiguration section */

/* Begin XCConfigurationList section */
		92842D7827D5CAD90084A2A8 /* Build configuration list for PBXProject "AssignmentObjectiveC" */ = {
			isa = XCConfigurationList;
			buildConfigurations = (
				92842DAA27D5CADB0084A2A8 /* Debug */,
				92842DAB27D5CADB0084A2A8 /* Release */,
			);
			defaultConfigurationIsVisible = 0;
			defaultConfigurationName = Release;
		};
		92842DAC27D5CADB0084A2A8 /* Build configuration list for PBXNativeTarget "AssignmentObjectiveC" */ = {
			isa = XCConfigurationList;
			buildConfigurations = (
				92842DAD27D5CADB0084A2A8 /* Debug */,
				92842DAE27D5CADB0084A2A8 /* Release */,
			);
			defaultConfigurationIsVisible = 0;
			defaultConfigurationName = Release;
		};
		92842DAF27D5CADB0084A2A8 /* Build configuration list for PBXNativeTarget "AssignmentObjectiveCTests" */ = {
			isa = XCConfigurationList;
			buildConfigurations = (
				92842DB027D5CADB0084A2A8 /* Debug */,
				92842DB127D5CADB0084A2A8 /* Release */,
			);
			defaultConfigurationIsVisible = 0;
			defaultConfigurationName = Release;
		};
		92842DB227D5CADB0084A2A8 /* Build configuration list for PBXNativeTarget "AssignmentObjectiveCUITests" */ = {
			isa = XCConfigurationList;
			buildConfigurations = (
				92842DB327D5CADB0084A2A8 /* Debug */,
				92842DB427D5CADB0084A2A8 /* Release */,
			);
			defaultConfigurationIsVisible = 0;
			defaultConfigurationName = Release;
		};
/* End XCConfigurationList section */
	};
	rootObject = 92842D7527D5CAD90084A2A8 /* Project object */;
}
